
Microsoft Visual Studio Solution File, Format Version 12.00
# Visual Studio 14
VisualStudioVersion = 14.0.25420.1
MinimumVisualStudioVersion = 10.0.40219.1
Project("{FAE04EC0-301F-11D3-BF4B-00C04F79EFBC}") = "MiniArtLibrary", "MiniArtLibrary\MiniArtLibrary.csproj", "{0CCA3DC6-6431-4B4F-AA1D-602BE8A50572}"
EndProject
Project("{FAE04EC0-301F-11D3-BF4B-00C04F79EFBC}") = "MiniArtTest", "MiniArtTest\MiniArtTest.csproj", "{17D422DE-1D21-4271-BB48-2965BA2EE3BE}"
EndProject
Project("{2150E333-8FDC-42A3-9474-1A3956D46DE8}") = "Tools", "Tools", "{10DDD019-B220-4A22-84FC-3A0E95968ED5}"
	ProjectSection(SolutionItems) = preProject
		Tools\PowerPointExportToPng.bas = Tools\PowerPointExportToPng.bas
	EndProjectSection
EndProject
Global
	GlobalSection(SolutionConfigurationPlatforms) = preSolution
		Debug|Any CPU = Debug|Any CPU
		Release|Any CPU = Release|Any CPU
	EndGlobalSection
	GlobalSection(ProjectConfigurationPlatforms) = postSolution
		{0CCA3DC6-6431-4B4F-AA1D-602BE8A50572}.Debug|Any CPU.ActiveCfg = Debug|Any CPU
		{0CCA3DC6-6431-4B4F-AA1D-602BE8A50572}.Debug|Any CPU.Build.0 = Debug|Any CPU
		{0CCA3DC6-6431-4B4F-AA1D-602BE8A50572}.Release|Any CPU.ActiveCfg = Release|Any CPU
		{0CCA3DC6-6431-4B4F-AA1D-602BE8A50572}.Release|Any CPU.Build.0 = Release|Any CPU
		{17D422DE-1D21-4271-BB48-2965BA2EE3BE}.Debug|Any CPU.ActiveCfg = Debug|Any CPU
		{17D422DE-1D21-4271-BB48-2965BA2EE3BE}.Debug|Any CPU.Build.0 = Debug|Any CPU
		{17D422DE-1D21-4271-BB48-2965BA2EE3BE}.Release|Any CPU.ActiveCfg = Release|Any CPU
		{17D422DE-1D21-4271-BB48-2965BA2EE3BE}.Release|Any CPU.Build.0 = Release|Any CPU
	EndGlobalSection
	GlobalSection(SolutionProperties) = preSolution
		HideSolutionNode = FALSE
	EndGlobalSection
EndGlobal
